
Microsoft Visual Studio Solution File, Format Version 12.00
# Visual Studio Version 17
VisualStudioVersion = 17.13.35806.99
MinimumVisualStudioVersion = 10.0.40219.1
Project("{FAE04EC0-301F-11D3-BF4B-00C04F79EFBC}") = "COMP3951_Lab5_WillOtterbein_dotnet", "COMP3951_Lab5_WillOtterbein_dotnet\COMP3951_Lab5_WillOtterbein_dotnet.csproj", "{D5582D43-8051-49D0-968D-6B68091C0AE7}"
EndProject
Project("{FAE04EC0-301F-11D3-BF4B-00C04F79EFBC}") = "COMP3951_Lab5_MDIUnitTests", "COMP3951_Lab5_MDIUnitTests\COMP3951_Lab5_MDIUnitTests.csproj", "{3FD19494-6CDD-4CDB-9F44-5EC8CFB2C4C8}"
EndProject
Global
	GlobalSection(SolutionConfigurationPlatforms) = preSolution
		Debug|Any CPU = Debug|Any CPU
		Release|Any CPU = Release|Any CPU
	EndGlobalSection
	GlobalSection(ProjectConfigurationPlatforms) = postSolution
		{D5582D43-8051-49D0-968D-6B68091C0AE7}.Debug|Any CPU.ActiveCfg = Debug|Any CPU
		{D5582D43-8051-49D0-968D-6B68091C0AE7}.Debug|Any CPU.Build.0 = Debug|Any CPU
		{D5582D43-8051-49D0-968D-6B68091C0AE7}.Release|Any CPU.ActiveCfg = Release|Any CPU
		{D5582D43-8051-49D0-968D-6B68091C0AE7}.Release|Any CPU.Build.0 = Release|Any CPU
		{3FD19494-6CDD-4CDB-9F44-5EC8CFB2C4C8}.Debug|Any CPU.ActiveCfg = Debug|Any CPU
		{3FD19494-6CDD-4CDB-9F44-5EC8CFB2C4C8}.Debug|Any CPU.Build.0 = Debug|Any CPU
		{3FD19494-6CDD-4CDB-9F44-5EC8CFB2C4C8}.Release|Any CPU.ActiveCfg = Release|Any CPU
		{3FD19494-6CDD-4CDB-9F44-5EC8CFB2C4C8}.Release|Any CPU.Build.0 = Release|Any CPU
	EndGlobalSection
	GlobalSection(SolutionProperties) = preSolution
		HideSolutionNode = FALSE
	EndGlobalSection
	GlobalSection(ExtensibilityGlobals) = postSolution
		SolutionGuid = {1118A3AD-39E8-45A8-BB03-EF22FE8E6E8A}
	EndGlobalSection
EndGlobal
